
Microsoft Visual Studio Solution File, Format Version 12.00
# Visual Studio 15
VisualStudioVersion = 15.0.27703.2035
MinimumVisualStudioVersion = 10.0.40219.1
Project("{FAE04EC0-301F-11D3-BF4B-00C04F79EFBC}") = "hw2002", "hw2002\hw2002.csproj", "{5DB05B05-6154-4163-92E3-257BDE064075}"
EndProject
Global
	GlobalSection(SolutionConfigurationPlatforms) = preSolution
		Debug|Any CPU = Debug|Any CPU
		Release|Any CPU = Release|Any CPU
	EndGlobalSection
	GlobalSection(ProjectConfigurationPlatforms) = postSolution
		{5DB05B05-6154-4163-92E3-257BDE064075}.Debug|Any CPU.ActiveCfg = Debug|Any CPU
		{5DB05B05-6154-4163-92E3-257BDE064075}.Debug|Any CPU.Build.0 = Debug|Any CPU
		{5DB05B05-6154-4163-92E3-257BDE064075}.Release|Any CPU.ActiveCfg = Release|Any CPU
		{5DB05B05-6154-4163-92E3-257BDE064075}.Release|Any CPU.Build.0 = Release|Any CPU
	EndGlobalSection
	GlobalSection(SolutionProperties) = preSolution
		HideSolutionNode = FALSE
	EndGlobalSection
	GlobalSection(ExtensibilityGlobals) = postSolution
		SolutionGuid = {8CAF2B07-14B5-4107-930F-6CDE4341A30A}
	EndGlobalSection
EndGlobal
